
Microsoft Visual Studio Solution File, Format Version 12.00
# Visual Studio 15
VisualStudioVersion = 15.0.27428.2037
MinimumVisualStudioVersion = 10.0.40219.1
Project("{9A19103F-16F7-4668-BE54-9A1E7A4F7556}") = "Parallelspace.SerentityData", "Parallelspace.SerentityData\Parallelspace.SerentityData.csproj", "{3F380444-BC75-4F5D-A71B-8ECA6596A967}"
EndProject
Project("{9A19103F-16F7-4668-BE54-9A1E7A4F7556}") = "Parallelspace.SerentityData.Tests02", "Parallelspace.SerentityData.Tests02\Parallelspace.SerentityData.Tests02.csproj", "{6FC77723-8183-439C-95CC-FDF818ACEE63}"
EndProject
Project("{9A19103F-16F7-4668-BE54-9A1E7A4F7556}") = "Parallelspace.SerentityData.Tests03", "Parallelspace.SerentityData.Tests03\Parallelspace.SerentityData.Tests03.csproj", "{E24EC342-4E13-4479-AD7E-B4BD46C7B63F}"
EndProject
Project("{9A19103F-16F7-4668-BE54-9A1E7A4F7556}") = "Parallelspace.SerentityData.Tests03Bench", "Parallelspace.SerentityData.Tests03Bench\Parallelspace.SerentityData.Tests03Bench.csproj", "{CD8EB8A0-63F1-43B2-87F5-D251D40E8668}"
EndProject
Global
	GlobalSection(SolutionConfigurationPlatforms) = preSolution
		Debug|Any CPU = Debug|Any CPU
		Release|Any CPU = Release|Any CPU
	EndGlobalSection
	GlobalSection(ProjectConfigurationPlatforms) = postSolution
		{3F380444-BC75-4F5D-A71B-8ECA6596A967}.Debug|Any CPU.ActiveCfg = Debug|Any CPU
		{3F380444-BC75-4F5D-A71B-8ECA6596A967}.Debug|Any CPU.Build.0 = Debug|Any CPU
		{3F380444-BC75-4F5D-A71B-8ECA6596A967}.Release|Any CPU.ActiveCfg = Release|Any CPU
		{3F380444-BC75-4F5D-A71B-8ECA6596A967}.Release|Any CPU.Build.0 = Release|Any CPU
		{6FC77723-8183-439C-95CC-FDF818ACEE63}.Debug|Any CPU.ActiveCfg = Debug|Any CPU
		{6FC77723-8183-439C-95CC-FDF818ACEE63}.Debug|Any CPU.Build.0 = Debug|Any CPU
		{6FC77723-8183-439C-95CC-FDF818ACEE63}.Release|Any CPU.ActiveCfg = Release|Any CPU
		{6FC77723-8183-439C-95CC-FDF818ACEE63}.Release|Any CPU.Build.0 = Release|Any CPU
		{E24EC342-4E13-4479-AD7E-B4BD46C7B63F}.Debug|Any CPU.ActiveCfg = Debug|Any CPU
		{E24EC342-4E13-4479-AD7E-B4BD46C7B63F}.Debug|Any CPU.Build.0 = Debug|Any CPU
		{E24EC342-4E13-4479-AD7E-B4BD46C7B63F}.Release|Any CPU.ActiveCfg = Release|Any CPU
		{E24EC342-4E13-4479-AD7E-B4BD46C7B63F}.Release|Any CPU.Build.0 = Release|Any CPU
		{CD8EB8A0-63F1-43B2-87F5-D251D40E8668}.Debug|Any CPU.ActiveCfg = Debug|Any CPU
		{CD8EB8A0-63F1-43B2-87F5-D251D40E8668}.Debug|Any CPU.Build.0 = Debug|Any CPU
		{CD8EB8A0-63F1-43B2-87F5-D251D40E8668}.Release|Any CPU.ActiveCfg = Release|Any CPU
		{CD8EB8A0-63F1-43B2-87F5-D251D40E8668}.Release|Any CPU.Build.0 = Release|Any CPU
	EndGlobalSection
	GlobalSection(SolutionProperties) = preSolution
		HideSolutionNode = FALSE
	EndGlobalSection
	GlobalSection(ExtensibilityGlobals) = postSolution
		SolutionGuid = {AE8CEA6A-8991-4CBD-8C2C-049DBF557AAA}
	EndGlobalSection
EndGlobal
